
Microsoft Visual Studio Solution File, Format Version 12.00
# Visual Studio 15
VisualStudioVersion = 15.0.28307.779
MinimumVisualStudioVersion = 10.0.40219.1
Project("{FAE04EC0-301F-11D3-BF4B-00C04F79EFBC}") = "Backstreet", "Backstreet\Backstreet.csproj", "{34C00A14-96F3-4419-9EF8-8E290531FE00}"
EndProject
Global
	GlobalSection(SolutionConfigurationPlatforms) = preSolution
		Debug|Any CPU = Debug|Any CPU
		Release|Any CPU = Release|Any CPU
	EndGlobalSection
	GlobalSection(ProjectConfigurationPlatforms) = postSolution
		{34C00A14-96F3-4419-9EF8-8E290531FE00}.Debug|Any CPU.ActiveCfg = Debug|Any CPU
		{34C00A14-96F3-4419-9EF8-8E290531FE00}.Debug|Any CPU.Build.0 = Debug|Any CPU
		{34C00A14-96F3-4419-9EF8-8E290531FE00}.Release|Any CPU.ActiveCfg = Release|Any CPU
		{34C00A14-96F3-4419-9EF8-8E290531FE00}.Release|Any CPU.Build.0 = Release|Any CPU
	EndGlobalSection
	GlobalSection(SolutionProperties) = preSolution
		HideSolutionNode = FALSE
	EndGlobalSection
	GlobalSection(ExtensibilityGlobals) = postSolution
		SolutionGuid = {A448F6C8-86DF-4F40-9886-275CC71777E0}
	EndGlobalSection
EndGlobal
