
Microsoft Visual Studio Solution File, Format Version 12.00
# Visual Studio 15
VisualStudioVersion = 15.0.28307.852
MinimumVisualStudioVersion = 10.0.40219.1
Project("{FAE04EC0-301F-11D3-BF4B-00C04F79EFBC}") = "Eksmaru", "Eksmaru.csproj", "{60BFCDD8-C920-4999-9727-2BE8F3238236}"
EndProject
Project("{FAE04EC0-301F-11D3-BF4B-00C04F79EFBC}") = "Eksmaru.Test", "Eksmaru.Test\Eksmaru.Test.csproj", "{86C0DDC7-FFB8-4579-A0A1-4F025A5B3323}"
EndProject
Global
	GlobalSection(SolutionConfigurationPlatforms) = preSolution
		Debug|Any CPU = Debug|Any CPU
		Release|Any CPU = Release|Any CPU
	EndGlobalSection
	GlobalSection(ProjectConfigurationPlatforms) = postSolution
		{60BFCDD8-C920-4999-9727-2BE8F3238236}.Debug|Any CPU.ActiveCfg = Debug|Any CPU
		{60BFCDD8-C920-4999-9727-2BE8F3238236}.Debug|Any CPU.Build.0 = Debug|Any CPU
		{60BFCDD8-C920-4999-9727-2BE8F3238236}.Release|Any CPU.ActiveCfg = Release|Any CPU
		{60BFCDD8-C920-4999-9727-2BE8F3238236}.Release|Any CPU.Build.0 = Release|Any CPU
		{86C0DDC7-FFB8-4579-A0A1-4F025A5B3323}.Debug|Any CPU.ActiveCfg = Debug|Any CPU
		{86C0DDC7-FFB8-4579-A0A1-4F025A5B3323}.Debug|Any CPU.Build.0 = Debug|Any CPU
		{86C0DDC7-FFB8-4579-A0A1-4F025A5B3323}.Release|Any CPU.ActiveCfg = Release|Any CPU
		{86C0DDC7-FFB8-4579-A0A1-4F025A5B3323}.Release|Any CPU.Build.0 = Release|Any CPU
	EndGlobalSection
	GlobalSection(SolutionProperties) = preSolution
		HideSolutionNode = FALSE
	EndGlobalSection
	GlobalSection(ExtensibilityGlobals) = postSolution
		SolutionGuid = {F53DDC1D-2BBA-4F2F-AACC-875EC2F88DA7}
	EndGlobalSection
EndGlobal
