
Microsoft Visual Studio Solution File, Format Version 12.00
# Visual Studio 15
VisualStudioVersion = 15.0.28307.852
MinimumVisualStudioVersion = 10.0.40219.1
Project("{FAE04EC0-301F-11D3-BF4B-00C04F79EFBC}") = "Haru", "Haru.csproj", "{913E22CC-D443-49F8-BA86-7730BD55F1D0}"
EndProject
Project("{FAE04EC0-301F-11D3-BF4B-00C04F79EFBC}") = "Haru.Test", "Haru.Test\Haru.Test.csproj", "{6E6E16A6-55EF-4189-AD29-983024920BDB}"
EndProject
Project("{FAE04EC0-301F-11D3-BF4B-00C04F79EFBC}") = "Haru.Console.Test", "Haru.Console.Test\Haru.Console.Test.csproj", "{150971A9-F694-49F9-B673-D6B8E1C845CF}"
EndProject
Project("{FAE04EC0-301F-11D3-BF4B-00C04F79EFBC}") = "Eksmaru", "Eksmaru\Eksmaru.csproj", "{60BFCDD8-C920-4999-9727-2BE8F3238236}"
EndProject
Project("{FAE04EC0-301F-11D3-BF4B-00C04F79EFBC}") = "Itsu", "Itsu\Itsu.csproj", "{AED04E87-1239-4184-9572-0E6A860E23A0}"
EndProject
Project("{FAE04EC0-301F-11D3-BF4B-00C04F79EFBC}") = "Haru.AspNetFx", "Haru.AspNetFx\Haru.AspNetFx.csproj", "{47665075-8737-4D32-9FF1-98BCADDAA7E7}"
EndProject
Global
	GlobalSection(SolutionConfigurationPlatforms) = preSolution
		Debug|Any CPU = Debug|Any CPU
		Release|Any CPU = Release|Any CPU
	EndGlobalSection
	GlobalSection(ProjectConfigurationPlatforms) = postSolution
		{913E22CC-D443-49F8-BA86-7730BD55F1D0}.Debug|Any CPU.ActiveCfg = Debug|Any CPU
		{913E22CC-D443-49F8-BA86-7730BD55F1D0}.Debug|Any CPU.Build.0 = Debug|Any CPU
		{913E22CC-D443-49F8-BA86-7730BD55F1D0}.Release|Any CPU.ActiveCfg = Release|Any CPU
		{913E22CC-D443-49F8-BA86-7730BD55F1D0}.Release|Any CPU.Build.0 = Release|Any CPU
		{6E6E16A6-55EF-4189-AD29-983024920BDB}.Debug|Any CPU.ActiveCfg = Debug|Any CPU
		{6E6E16A6-55EF-4189-AD29-983024920BDB}.Debug|Any CPU.Build.0 = Debug|Any CPU
		{6E6E16A6-55EF-4189-AD29-983024920BDB}.Release|Any CPU.ActiveCfg = Release|Any CPU
		{6E6E16A6-55EF-4189-AD29-983024920BDB}.Release|Any CPU.Build.0 = Release|Any CPU
		{150971A9-F694-49F9-B673-D6B8E1C845CF}.Debug|Any CPU.ActiveCfg = Debug|Any CPU
		{150971A9-F694-49F9-B673-D6B8E1C845CF}.Debug|Any CPU.Build.0 = Debug|Any CPU
		{150971A9-F694-49F9-B673-D6B8E1C845CF}.Release|Any CPU.ActiveCfg = Release|Any CPU
		{150971A9-F694-49F9-B673-D6B8E1C845CF}.Release|Any CPU.Build.0 = Release|Any CPU
		{60BFCDD8-C920-4999-9727-2BE8F3238236}.Debug|Any CPU.ActiveCfg = Debug|Any CPU
		{60BFCDD8-C920-4999-9727-2BE8F3238236}.Debug|Any CPU.Build.0 = Debug|Any CPU
		{60BFCDD8-C920-4999-9727-2BE8F3238236}.Release|Any CPU.ActiveCfg = Release|Any CPU
		{60BFCDD8-C920-4999-9727-2BE8F3238236}.Release|Any CPU.Build.0 = Release|Any CPU
		{AED04E87-1239-4184-9572-0E6A860E23A0}.Debug|Any CPU.ActiveCfg = Debug|Any CPU
		{AED04E87-1239-4184-9572-0E6A860E23A0}.Debug|Any CPU.Build.0 = Debug|Any CPU
		{AED04E87-1239-4184-9572-0E6A860E23A0}.Release|Any CPU.ActiveCfg = Release|Any CPU
		{AED04E87-1239-4184-9572-0E6A860E23A0}.Release|Any CPU.Build.0 = Release|Any CPU
		{47665075-8737-4D32-9FF1-98BCADDAA7E7}.Debug|Any CPU.ActiveCfg = Debug|Any CPU
		{47665075-8737-4D32-9FF1-98BCADDAA7E7}.Debug|Any CPU.Build.0 = Debug|Any CPU
		{47665075-8737-4D32-9FF1-98BCADDAA7E7}.Release|Any CPU.ActiveCfg = Release|Any CPU
		{47665075-8737-4D32-9FF1-98BCADDAA7E7}.Release|Any CPU.Build.0 = Release|Any CPU
	EndGlobalSection
	GlobalSection(SolutionProperties) = preSolution
		HideSolutionNode = FALSE
	EndGlobalSection
	GlobalSection(ExtensibilityGlobals) = postSolution
		SolutionGuid = {F53DDC1D-2BBA-4F2F-AACC-875EC2F88DA7}
	EndGlobalSection
EndGlobal
