
Microsoft Visual Studio Solution File, Format Version 11.00
# Visual Studio 2010
Project("{FAE04EC0-301F-11D3-BF4B-00C04F79EFBC}") = "WebLib", "WebLib\WebLib.csproj", "{904A927A-DF04-4AB4-8766-FD845223567E}"
EndProject
Project("{FAE04EC0-301F-11D3-BF4B-00C04F79EFBC}") = "WebLibTest", "WebLibTest\WebLibTest.csproj", "{82DB8E56-6113-4360-BEE1-B810D340AA1F}"
EndProject
Project("{FAE04EC0-301F-11D3-BF4B-00C04F79EFBC}") = "WebLib.Test", "WebLib.Test\WebLib.Test.csproj", "{80BF2CEC-6CF7-4F97-83F9-66D45E9DA690}"
EndProject
Project("{2150E333-8FDC-42A3-9474-1A3956D46DE8}") = "Solution Items", "Solution Items", "{72AF2964-472F-43AC-B841-03C8FB84856B}"
	ProjectSection(SolutionItems) = preProject
		Local.testsettings = Local.testsettings
		TraceAndTestImpact.testsettings = TraceAndTestImpact.testsettings
		WebLib.vsmdi = WebLib.vsmdi
	EndProjectSection
EndProject
Global
	GlobalSection(TeamFoundationVersionControl) = preSolution
		SccNumberOfProjects = 3
		SccEnterpriseProvider = {4CA58AB2-18FA-4F8D-95D4-32DDF27D184C}
		SccTeamFoundationServer = https://asakura89.visualstudio.com/defaultcollection
		SccLocalPath0 = .
		SccProjectUniqueName1 = WebLib\\WebLib.csproj
		SccProjectName1 = WebLib
		SccLocalPath1 = WebLib
		SccProjectUniqueName2 = WebLibTest\\WebLibTest.csproj
		SccProjectName2 = WebLibTest
		SccLocalPath2 = WebLibTest
	EndGlobalSection
	GlobalSection(TestCaseManagementSettings) = postSolution
		CategoryFile = WebLib.vsmdi
	EndGlobalSection
	GlobalSection(SolutionConfigurationPlatforms) = preSolution
		Debug|Any CPU = Debug|Any CPU
		Release|Any CPU = Release|Any CPU
	EndGlobalSection
	GlobalSection(ProjectConfigurationPlatforms) = postSolution
		{904A927A-DF04-4AB4-8766-FD845223567E}.Debug|Any CPU.ActiveCfg = Debug|Any CPU
		{904A927A-DF04-4AB4-8766-FD845223567E}.Debug|Any CPU.Build.0 = Debug|Any CPU
		{904A927A-DF04-4AB4-8766-FD845223567E}.Release|Any CPU.ActiveCfg = Release|Any CPU
		{904A927A-DF04-4AB4-8766-FD845223567E}.Release|Any CPU.Build.0 = Release|Any CPU
		{82DB8E56-6113-4360-BEE1-B810D340AA1F}.Debug|Any CPU.ActiveCfg = Debug|Any CPU
		{82DB8E56-6113-4360-BEE1-B810D340AA1F}.Debug|Any CPU.Build.0 = Debug|Any CPU
		{82DB8E56-6113-4360-BEE1-B810D340AA1F}.Release|Any CPU.ActiveCfg = Release|Any CPU
		{82DB8E56-6113-4360-BEE1-B810D340AA1F}.Release|Any CPU.Build.0 = Release|Any CPU
		{80BF2CEC-6CF7-4F97-83F9-66D45E9DA690}.Debug|Any CPU.ActiveCfg = Debug|Any CPU
		{80BF2CEC-6CF7-4F97-83F9-66D45E9DA690}.Debug|Any CPU.Build.0 = Debug|Any CPU
		{80BF2CEC-6CF7-4F97-83F9-66D45E9DA690}.Release|Any CPU.ActiveCfg = Release|Any CPU
		{80BF2CEC-6CF7-4F97-83F9-66D45E9DA690}.Release|Any CPU.Build.0 = Release|Any CPU
	EndGlobalSection
	GlobalSection(SolutionProperties) = preSolution
		HideSolutionNode = FALSE
	EndGlobalSection
EndGlobal
